// !$*UTF8*$!
{
	archiveVersion = 1;
	classes = {
	};
	objectVersion = 46;
	objects = {

/* Begin PBXBuildFile section */
		3D73D4631C9B09840074DB39 /* CustomCollectionViewFlowLayout.m in Sources */ = {isa = PBXBuildFile; fileRef = 3D73D4621C9B09840074DB39 /* CustomCollectionViewFlowLayout.m */; };
		5DFE360403C2AB029F34402D /* Pods_Thanks.framework in Frameworks */ = {isa = PBXBuildFile; fileRef = 0A73399B9E41BA524E49DA89 /* Pods_Thanks.framework */; };
		93CFEFF91C8B984800CD37DC /* Card.swift in Sources */ = {isa = PBXBuildFile; fileRef = 93CFEFF81C8B984800CD37DC /* Card.swift */; };
		93CFEFFB1C8B9A3A00CD37DC /* ParseService.swift in Sources */ = {isa = PBXBuildFile; fileRef = 93CFEFFA1C8B9A3A00CD37DC /* ParseService.swift */; };
		EA1D00FA1C9AFC01007A5814 /* ThanksButton.swift in Sources */ = {isa = PBXBuildFile; fileRef = EA1D00F91C9AFC01007A5814 /* ThanksButton.swift */; };
		EA3F2B991C86298700AC0101 /* AppDelegate.swift in Sources */ = {isa = PBXBuildFile; fileRef = EA3F2B981C86298700AC0101 /* AppDelegate.swift */; };
		EA3F2B9E1C86298700AC0101 /* Main.storyboard in Resources */ = {isa = PBXBuildFile; fileRef = EA3F2B9C1C86298700AC0101 /* Main.storyboard */; };
		EA3F2BA01C86298700AC0101 /* Assets.xcassets in Resources */ = {isa = PBXBuildFile; fileRef = EA3F2B9F1C86298700AC0101 /* Assets.xcassets */; };
		EA3F2BA31C86298700AC0101 /* LaunchScreen.storyboard in Resources */ = {isa = PBXBuildFile; fileRef = EA3F2BA11C86298700AC0101 /* LaunchScreen.storyboard */; };
		EA3F2BAE1C86298700AC0101 /* ThanksTests.swift in Sources */ = {isa = PBXBuildFile; fileRef = EA3F2BAD1C86298700AC0101 /* ThanksTests.swift */; };
		EA3F2BB91C86298700AC0101 /* ThanksUITests.swift in Sources */ = {isa = PBXBuildFile; fileRef = EA3F2BB81C86298700AC0101 /* ThanksUITests.swift */; };
		EA3F2BC71C86587000AC0101 /* CreateCardViewController.swift in Sources */ = {isa = PBXBuildFile; fileRef = EA3F2BC61C86587000AC0101 /* CreateCardViewController.swift */; };
		EA3F2BC91C86588200AC0101 /* HomeViewController.swift in Sources */ = {isa = PBXBuildFile; fileRef = EA3F2BC81C86588200AC0101 /* HomeViewController.swift */; };
		EA3F2BCD1C8658A500AC0101 /* OnboardingViewController.swift in Sources */ = {isa = PBXBuildFile; fileRef = EA3F2BCC1C8658A500AC0101 /* OnboardingViewController.swift */; };
		EA3F2BCF1C8658BB00AC0101 /* RemindersViewController.swift in Sources */ = {isa = PBXBuildFile; fileRef = EA3F2BCE1C8658BB00AC0101 /* RemindersViewController.swift */; };
		EA58D6D81C99C1DD00593381 /* BaseTransition.swift in Sources */ = {isa = PBXBuildFile; fileRef = EA58D6D71C99C1DD00593381 /* BaseTransition.swift */; };
		EA58D6DA1C99C1F200593381 /* ImageTransition.swift in Sources */ = {isa = PBXBuildFile; fileRef = EA58D6D91C99C1F200593381 /* ImageTransition.swift */; };
		EA58D6DC1C99C24200593381 /* DetailViewController.swift in Sources */ = {isa = PBXBuildFile; fileRef = EA58D6DB1C99C24200593381 /* DetailViewController.swift */; };
		EA58D6DE1C99E19300593381 /* Share.swift in Sources */ = {isa = PBXBuildFile; fileRef = EA58D6DD1C99E19300593381 /* Share.swift */; };
		EA8BBC381C9B0DB500FA2A1E /* EmojiList.swift in Sources */ = {isa = PBXBuildFile; fileRef = EA8BBC371C9B0DB500FA2A1E /* EmojiList.swift */; };
		EA8BBC3A1C9B0EAE00FA2A1E /* AddEmojiViewController.swift in Sources */ = {isa = PBXBuildFile; fileRef = EA8BBC391C9B0EAE00FA2A1E /* AddEmojiViewController.swift */; };
		EA8BBC3C1C9B0F5600FA2A1E /* EmojiCell.swift in Sources */ = {isa = PBXBuildFile; fileRef = EA8BBC3B1C9B0F5600FA2A1E /* EmojiCell.swift */; };
		EA8BBC3E1C9B12B000FA2A1E /* FadeTransition.swift in Sources */ = {isa = PBXBuildFile; fileRef = EA8BBC3D1C9B12B000FA2A1E /* FadeTransition.swift */; };
		EA8BBC401C9B2A5F00FA2A1E /* Common.swift in Sources */ = {isa = PBXBuildFile; fileRef = EA8BBC3F1C9B2A5F00FA2A1E /* Common.swift */; };
		EAB6F0F61C9C63D200605C86 /* SaveTransition.swift in Sources */ = {isa = PBXBuildFile; fileRef = EAB6F0F51C9C63D200605C86 /* SaveTransition.swift */; };
		EABC9C841C9B5367000ACA7E /* PassThroughView.swift in Sources */ = {isa = PBXBuildFile; fileRef = EABC9C831C9B5367000ACA7E /* PassThroughView.swift */; };
		EABC9C861C9B5C92000ACA7E /* ChangeColorViewController.swift in Sources */ = {isa = PBXBuildFile; fileRef = EABC9C851C9B5C92000ACA7E /* ChangeColorViewController.swift */; };
		EABC9C881C9B642D000ACA7E /* ColorCell.swift in Sources */ = {isa = PBXBuildFile; fileRef = EABC9C871C9B642D000ACA7E /* ColorCell.swift */; };
		EADEBF7B1C88F6C10065DA0F /* CardCellView.swift in Sources */ = {isa = PBXBuildFile; fileRef = EADEBF7A1C88F6C10065DA0F /* CardCellView.swift */; };
		EAF8BE4B1C9A719D00A66071 /* equip_bold.5feb14f9.cache.otf in Resources */ = {isa = PBXBuildFile; fileRef = EAF8BE471C9A719D00A66071 /* equip_bold.5feb14f9.cache.otf */; };
		EAF8BE4C1C9A719D00A66071 /* equip_regular.4da3acb5.cache.otf in Resources */ = {isa = PBXBuildFile; fileRef = EAF8BE481C9A719D00A66071 /* equip_regular.4da3acb5.cache.otf */; };
		EAF8BE4D1C9A719D00A66071 /* foro_bold.1d3a4711.cache.otf in Resources */ = {isa = PBXBuildFile; fileRef = EAF8BE491C9A719D00A66071 /* foro_bold.1d3a4711.cache.otf */; };
		EAF8BE4E1C9A719D00A66071 /* foro_regular.3941226b.cache.otf in Resources */ = {isa = PBXBuildFile; fileRef = EAF8BE4A1C9A719D00A66071 /* foro_regular.3941226b.cache.otf */; };
		EAF8BE511C9A71BE00A66071 /* sinanova_italic.9508db81.cache.otf in Resources */ = {isa = PBXBuildFile; fileRef = EAF8BE4F1C9A71BE00A66071 /* sinanova_italic.9508db81.cache.otf */; };
		EAF8BE521C9A71BE00A66071 /* sinanova_regular.34912673.cache.otf in Resources */ = {isa = PBXBuildFile; fileRef = EAF8BE501C9A71BE00A66071 /* sinanova_regular.34912673.cache.otf */; };
/* End PBXBuildFile section */

/* Begin PBXContainerItemProxy section */
		EA3F2BAA1C86298700AC0101 /* PBXContainerItemProxy */ = {
			isa = PBXContainerItemProxy;
			containerPortal = EA3F2B8D1C86298700AC0101 /* Project object */;
			proxyType = 1;
			remoteGlobalIDString = EA3F2B941C86298700AC0101;
			remoteInfo = Thanks;
		};
		EA3F2BB51C86298700AC0101 /* PBXContainerItemProxy */ = {
			isa = PBXContainerItemProxy;
			containerPortal = EA3F2B8D1C86298700AC0101 /* Project object */;
			proxyType = 1;
			remoteGlobalIDString = EA3F2B941C86298700AC0101;
			remoteInfo = Thanks;
		};
/* End PBXContainerItemProxy section */

/* Begin PBXFileReference section */
		0A73399B9E41BA524E49DA89 /* Pods_Thanks.framework */ = {isa = PBXFileReference; explicitFileType = wrapper.framework; includeInIndex = 0; path = Pods_Thanks.framework; sourceTree = BUILT_PRODUCTS_DIR; };
		3D73D4611C9B09840074DB39 /* CustomCollectionViewFlowLayout.h */ = {isa = PBXFileReference; fileEncoding = 4; lastKnownFileType = sourcecode.c.h; path = CustomCollectionViewFlowLayout.h; sourceTree = "<group>"; };
		3D73D4621C9B09840074DB39 /* CustomCollectionViewFlowLayout.m */ = {isa = PBXFileReference; fileEncoding = 4; lastKnownFileType = sourcecode.c.objc; path = CustomCollectionViewFlowLayout.m; sourceTree = "<group>"; };
		93CFEFF81C8B984800CD37DC /* Card.swift */ = {isa = PBXFileReference; fileEncoding = 4; lastKnownFileType = sourcecode.swift; path = Card.swift; sourceTree = "<group>"; };
		93CFEFFA1C8B9A3A00CD37DC /* ParseService.swift */ = {isa = PBXFileReference; fileEncoding = 4; lastKnownFileType = sourcecode.swift; path = ParseService.swift; sourceTree = "<group>"; };
		B0E13387BC4327216A6BBDE9 /* Pods-Thanks.release.xcconfig */ = {isa = PBXFileReference; includeInIndex = 1; lastKnownFileType = text.xcconfig; name = "Pods-Thanks.release.xcconfig"; path = "Pods/Target Support Files/Pods-Thanks/Pods-Thanks.release.xcconfig"; sourceTree = "<group>"; };
		D1050E4BEBBBFBA7BB01E04F /* Pods-Thanks.debug.xcconfig */ = {isa = PBXFileReference; includeInIndex = 1; lastKnownFileType = text.xcconfig; name = "Pods-Thanks.debug.xcconfig"; path = "Pods/Target Support Files/Pods-Thanks/Pods-Thanks.debug.xcconfig"; sourceTree = "<group>"; };
		EA1D00F91C9AFC01007A5814 /* ThanksButton.swift */ = {isa = PBXFileReference; fileEncoding = 4; lastKnownFileType = sourcecode.swift; path = ThanksButton.swift; sourceTree = "<group>"; };
		EA3F2B951C86298700AC0101 /* Thanks.app */ = {isa = PBXFileReference; explicitFileType = wrapper.application; includeInIndex = 0; path = Thanks.app; sourceTree = BUILT_PRODUCTS_DIR; };
		EA3F2B981C86298700AC0101 /* AppDelegate.swift */ = {isa = PBXFileReference; lastKnownFileType = sourcecode.swift; path = AppDelegate.swift; sourceTree = "<group>"; };
		EA3F2B9D1C86298700AC0101 /* Base */ = {isa = PBXFileReference; lastKnownFileType = file.storyboard; name = Base; path = Base.lproj/Main.storyboard; sourceTree = "<group>"; };
		EA3F2B9F1C86298700AC0101 /* Assets.xcassets */ = {isa = PBXFileReference; lastKnownFileType = folder.assetcatalog; path = Assets.xcassets; sourceTree = "<group>"; };
		EA3F2BA21C86298700AC0101 /* Base */ = {isa = PBXFileReference; lastKnownFileType = file.storyboard; name = Base; path = Base.lproj/LaunchScreen.storyboard; sourceTree = "<group>"; };
		EA3F2BA41C86298700AC0101 /* Info.plist */ = {isa = PBXFileReference; lastKnownFileType = text.plist.xml; path = Info.plist; sourceTree = "<group>"; };
		EA3F2BA91C86298700AC0101 /* ThanksTests.xctest */ = {isa = PBXFileReference; explicitFileType = wrapper.cfbundle; includeInIndex = 0; path = ThanksTests.xctest; sourceTree = BUILT_PRODUCTS_DIR; };
		EA3F2BAD1C86298700AC0101 /* ThanksTests.swift */ = {isa = PBXFileReference; lastKnownFileType = sourcecode.swift; path = ThanksTests.swift; sourceTree = "<group>"; };
		EA3F2BAF1C86298700AC0101 /* Info.plist */ = {isa = PBXFileReference; lastKnownFileType = text.plist.xml; path = Info.plist; sourceTree = "<group>"; };
		EA3F2BB41C86298700AC0101 /* ThanksUITests.xctest */ = {isa = PBXFileReference; explicitFileType = wrapper.cfbundle; includeInIndex = 0; path = ThanksUITests.xctest; sourceTree = BUILT_PRODUCTS_DIR; };
		EA3F2BB81C86298700AC0101 /* ThanksUITests.swift */ = {isa = PBXFileReference; lastKnownFileType = sourcecode.swift; path = ThanksUITests.swift; sourceTree = "<group>"; };
		EA3F2BBA1C86298700AC0101 /* Info.plist */ = {isa = PBXFileReference; lastKnownFileType = text.plist.xml; path = Info.plist; sourceTree = "<group>"; };
		EA3F2BC61C86587000AC0101 /* CreateCardViewController.swift */ = {isa = PBXFileReference; fileEncoding = 4; lastKnownFileType = sourcecode.swift; path = CreateCardViewController.swift; sourceTree = "<group>"; };
		EA3F2BC81C86588200AC0101 /* HomeViewController.swift */ = {isa = PBXFileReference; fileEncoding = 4; lastKnownFileType = sourcecode.swift; path = HomeViewController.swift; sourceTree = "<group>"; };
		EA3F2BCC1C8658A500AC0101 /* OnboardingViewController.swift */ = {isa = PBXFileReference; fileEncoding = 4; lastKnownFileType = sourcecode.swift; path = OnboardingViewController.swift; sourceTree = "<group>"; };
		EA3F2BCE1C8658BB00AC0101 /* RemindersViewController.swift */ = {isa = PBXFileReference; fileEncoding = 4; lastKnownFileType = sourcecode.swift; path = RemindersViewController.swift; sourceTree = "<group>"; };
		EA58D6D71C99C1DD00593381 /* BaseTransition.swift */ = {isa = PBXFileReference; fileEncoding = 4; lastKnownFileType = sourcecode.swift; path = BaseTransition.swift; sourceTree = "<group>"; };
		EA58D6D91C99C1F200593381 /* ImageTransition.swift */ = {isa = PBXFileReference; fileEncoding = 4; lastKnownFileType = sourcecode.swift; path = ImageTransition.swift; sourceTree = "<group>"; };
		EA58D6DB1C99C24200593381 /* DetailViewController.swift */ = {isa = PBXFileReference; fileEncoding = 4; lastKnownFileType = sourcecode.swift; path = DetailViewController.swift; sourceTree = "<group>"; };
		EA58D6DD1C99E19300593381 /* Share.swift */ = {isa = PBXFileReference; fileEncoding = 4; lastKnownFileType = sourcecode.swift; path = Share.swift; sourceTree = "<group>"; };
		EA8BBC371C9B0DB500FA2A1E /* EmojiList.swift */ = {isa = PBXFileReference; fileEncoding = 4; lastKnownFileType = sourcecode.swift; path = EmojiList.swift; sourceTree = "<group>"; };
		EA8BBC391C9B0EAE00FA2A1E /* AddEmojiViewController.swift */ = {isa = PBXFileReference; fileEncoding = 4; lastKnownFileType = sourcecode.swift; path = AddEmojiViewController.swift; sourceTree = "<group>"; };
		EA8BBC3B1C9B0F5600FA2A1E /* EmojiCell.swift */ = {isa = PBXFileReference; fileEncoding = 4; lastKnownFileType = sourcecode.swift; path = EmojiCell.swift; sourceTree = "<group>"; };
		EA8BBC3D1C9B12B000FA2A1E /* FadeTransition.swift */ = {isa = PBXFileReference; fileEncoding = 4; lastKnownFileType = sourcecode.swift; path = FadeTransition.swift; sourceTree = "<group>"; };
		EA8BBC3F1C9B2A5F00FA2A1E /* Common.swift */ = {isa = PBXFileReference; fileEncoding = 4; lastKnownFileType = sourcecode.swift; path = Common.swift; sourceTree = "<group>"; };
		EAB6F0F51C9C63D200605C86 /* SaveTransition.swift */ = {isa = PBXFileReference; fileEncoding = 4; lastKnownFileType = sourcecode.swift; path = SaveTransition.swift; sourceTree = "<group>"; };
		EABC9C831C9B5367000ACA7E /* PassThroughView.swift */ = {isa = PBXFileReference; fileEncoding = 4; lastKnownFileType = sourcecode.swift; path = PassThroughView.swift; sourceTree = "<group>"; };
		EABC9C851C9B5C92000ACA7E /* ChangeColorViewController.swift */ = {isa = PBXFileReference; fileEncoding = 4; lastKnownFileType = sourcecode.swift; path = ChangeColorViewController.swift; sourceTree = "<group>"; };
		EABC9C871C9B642D000ACA7E /* ColorCell.swift */ = {isa = PBXFileReference; fileEncoding = 4; lastKnownFileType = sourcecode.swift; path = ColorCell.swift; sourceTree = "<group>"; };
		EACDEA0E1C8A523A00FC44A5 /* Thanks-Bridging-Header.h */ = {isa = PBXFileReference; lastKnownFileType = sourcecode.c.h; path = "Thanks-Bridging-Header.h"; sourceTree = "<group>"; };
		EADEBF7A1C88F6C10065DA0F /* CardCellView.swift */ = {isa = PBXFileReference; fileEncoding = 4; lastKnownFileType = sourcecode.swift; path = CardCellView.swift; sourceTree = "<group>"; };
		EAF8BE471C9A719D00A66071 /* equip_bold.5feb14f9.cache.otf */ = {isa = PBXFileReference; lastKnownFileType = file; path = equip_bold.5feb14f9.cache.otf; sourceTree = "<group>"; };
		EAF8BE481C9A719D00A66071 /* equip_regular.4da3acb5.cache.otf */ = {isa = PBXFileReference; lastKnownFileType = file; path = equip_regular.4da3acb5.cache.otf; sourceTree = "<group>"; };
		EAF8BE491C9A719D00A66071 /* foro_bold.1d3a4711.cache.otf */ = {isa = PBXFileReference; lastKnownFileType = file; path = foro_bold.1d3a4711.cache.otf; sourceTree = "<group>"; };
		EAF8BE4A1C9A719D00A66071 /* foro_regular.3941226b.cache.otf */ = {isa = PBXFileReference; lastKnownFileType = file; path = foro_regular.3941226b.cache.otf; sourceTree = "<group>"; };
		EAF8BE4F1C9A71BE00A66071 /* sinanova_italic.9508db81.cache.otf */ = {isa = PBXFileReference; lastKnownFileType = file; path = sinanova_italic.9508db81.cache.otf; sourceTree = "<group>"; };
		EAF8BE501C9A71BE00A66071 /* sinanova_regular.34912673.cache.otf */ = {isa = PBXFileReference; lastKnownFileType = file; path = sinanova_regular.34912673.cache.otf; sourceTree = "<group>"; };
/* End PBXFileReference section */

/* Begin PBXFrameworksBuildPhase section */
		EA3F2B921C86298700AC0101 /* Frameworks */ = {
			isa = PBXFrameworksBuildPhase;
			buildActionMask = 2147483647;
			files = (
				5DFE360403C2AB029F34402D /* Pods_Thanks.framework in Frameworks */,
			);
			runOnlyForDeploymentPostprocessing = 0;
		};
		EA3F2BA61C86298700AC0101 /* Frameworks */ = {
			isa = PBXFrameworksBuildPhase;
			buildActionMask = 2147483647;
			files = (
			);
			runOnlyForDeploymentPostprocessing = 0;
		};
		EA3F2BB11C86298700AC0101 /* Frameworks */ = {
			isa = PBXFrameworksBuildPhase;
			buildActionMask = 2147483647;
			files = (
			);
			runOnlyForDeploymentPostprocessing = 0;
		};
/* End PBXFrameworksBuildPhase section */

/* Begin PBXGroup section */
		A99E9801E6AF7A43B4A280D7 /* Frameworks */ = {
			isa = PBXGroup;
			children = (
				0A73399B9E41BA524E49DA89 /* Pods_Thanks.framework */,
			);
			name = Frameworks;
			sourceTree = "<group>";
		};
		EA3F2B8C1C86298700AC0101 = {
			isa = PBXGroup;
			children = (
				EA3F2B971C86298700AC0101 /* Thanks */,
				EA3F2BAC1C86298700AC0101 /* ThanksTests */,
				EA3F2BB71C86298700AC0101 /* ThanksUITests */,
				EA3F2B961C86298700AC0101 /* Products */,
				F100CB08556B9B7F9E68FDB9 /* Pods */,
				A99E9801E6AF7A43B4A280D7 /* Frameworks */,
				EACDEA0E1C8A523A00FC44A5 /* Thanks-Bridging-Header.h */,
			);
			sourceTree = "<group>";
		};
		EA3F2B961C86298700AC0101 /* Products */ = {
			isa = PBXGroup;
			children = (
				EA3F2B951C86298700AC0101 /* Thanks.app */,
				EA3F2BA91C86298700AC0101 /* ThanksTests.xctest */,
				EA3F2BB41C86298700AC0101 /* ThanksUITests.xctest */,
			);
			name = Products;
			sourceTree = "<group>";
		};
		EA3F2B971C86298700AC0101 /* Thanks */ = {
			isa = PBXGroup;
			children = (
				EA58D6E31C99E62F00593381 /* Fonts */,
				EA56B9441C8BB765005AF93C /* View Controllers */,
				EA3F2B981C86298700AC0101 /* AppDelegate.swift */,
				EA58D6DD1C99E19300593381 /* Share.swift */,
				EA8BBC3F1C9B2A5F00FA2A1E /* Common.swift */,
				93CFEFF81C8B984800CD37DC /* Card.swift */,
				EADEBF7A1C88F6C10065DA0F /* CardCellView.swift */,
				EA58D6D91C99C1F200593381 /* ImageTransition.swift */,
				EA58D6D71C99C1DD00593381 /* BaseTransition.swift */,
				EAB6F0F51C9C63D200605C86 /* SaveTransition.swift */,
				EA8BBC3D1C9B12B000FA2A1E /* FadeTransition.swift */,
				93CFEFFA1C8B9A3A00CD37DC /* ParseService.swift */,
				3D73D4611C9B09840074DB39 /* CustomCollectionViewFlowLayout.h */,
				3D73D4621C9B09840074DB39 /* CustomCollectionViewFlowLayout.m */,
				EA1D00F91C9AFC01007A5814 /* ThanksButton.swift */,
				EA8BBC3B1C9B0F5600FA2A1E /* EmojiCell.swift */,
				EABC9C871C9B642D000ACA7E /* ColorCell.swift */,
				EA8BBC371C9B0DB500FA2A1E /* EmojiList.swift */,
				EABC9C831C9B5367000ACA7E /* PassThroughView.swift */,
				EA3F2B9C1C86298700AC0101 /* Main.storyboard */,
				EA3F2BA11C86298700AC0101 /* LaunchScreen.storyboard */,
				EA3F2BA41C86298700AC0101 /* Info.plist */,
				EA3F2B9F1C86298700AC0101 /* Assets.xcassets */,
			);
			path = Thanks;
			sourceTree = "<group>";
		};
		EA3F2BAC1C86298700AC0101 /* ThanksTests */ = {
			isa = PBXGroup;
			children = (
				EA3F2BAD1C86298700AC0101 /* ThanksTests.swift */,
				EA3F2BAF1C86298700AC0101 /* Info.plist */,
			);
			path = ThanksTests;
			sourceTree = "<group>";
		};
		EA3F2BB71C86298700AC0101 /* ThanksUITests */ = {
			isa = PBXGroup;
			children = (
				EA3F2BB81C86298700AC0101 /* ThanksUITests.swift */,
				EA3F2BBA1C86298700AC0101 /* Info.plist */,
			);
			path = ThanksUITests;
			sourceTree = "<group>";
		};
		EA56B9441C8BB765005AF93C /* View Controllers */ = {
			isa = PBXGroup;
			children = (
				EA58D6DB1C99C24200593381 /* DetailViewController.swift */,
				EABC9C851C9B5C92000ACA7E /* ChangeColorViewController.swift */,
				EA8BBC391C9B0EAE00FA2A1E /* AddEmojiViewController.swift */,
				EA3F2BC61C86587000AC0101 /* CreateCardViewController.swift */,
				EA3F2BC81C86588200AC0101 /* HomeViewController.swift */,
				EA3F2BCC1C8658A500AC0101 /* OnboardingViewController.swift */,
				EA3F2BCE1C8658BB00AC0101 /* RemindersViewController.swift */,
			);
			name = "View Controllers";
			sourceTree = "<group>";
		};
		EA58D6E31C99E62F00593381 /* Fonts */ = {
			isa = PBXGroup;
			children = (
				EAF8BE471C9A719D00A66071 /* equip_bold.5feb14f9.cache.otf */,
				EAF8BE481C9A719D00A66071 /* equip_regular.4da3acb5.cache.otf */,
				EAF8BE4F1C9A71BE00A66071 /* sinanova_italic.9508db81.cache.otf */,
				EAF8BE501C9A71BE00A66071 /* sinanova_regular.34912673.cache.otf */,
				EAF8BE491C9A719D00A66071 /* foro_bold.1d3a4711.cache.otf */,
				EAF8BE4A1C9A719D00A66071 /* foro_regular.3941226b.cache.otf */,
			);
			name = Fonts;
			sourceTree = "<group>";
		};
		F100CB08556B9B7F9E68FDB9 /* Pods */ = {
			isa = PBXGroup;
			children = (
				D1050E4BEBBBFBA7BB01E04F /* Pods-Thanks.debug.xcconfig */,
				B0E13387BC4327216A6BBDE9 /* Pods-Thanks.release.xcconfig */,
			);
			name = Pods;
			sourceTree = "<group>";
		};
/* End PBXGroup section */

/* Begin PBXNativeTarget section */
		EA3F2B941C86298700AC0101 /* Thanks */ = {
			isa = PBXNativeTarget;
			buildConfigurationList = EA3F2BBD1C86298700AC0101 /* Build configuration list for PBXNativeTarget "Thanks" */;
			buildPhases = (
				D56FC2727C087D8D01C6F037 /* Check Pods Manifest.lock */,
				EA3F2B911C86298700AC0101 /* Sources */,
				EA3F2B921C86298700AC0101 /* Frameworks */,
				EA3F2B931C86298700AC0101 /* Resources */,
				5D031A5D27449CE510A80E53 /* Embed Pods Frameworks */,
				5E4ABE5D1265D7171D85FEFA /* Copy Pods Resources */,
			);
			buildRules = (
			);
			dependencies = (
			);
			name = Thanks;
			productName = Thanks;
			productReference = EA3F2B951C86298700AC0101 /* Thanks.app */;
			productType = "com.apple.product-type.application";
		};
		EA3F2BA81C86298700AC0101 /* ThanksTests */ = {
			isa = PBXNativeTarget;
			buildConfigurationList = EA3F2BC01C86298700AC0101 /* Build configuration list for PBXNativeTarget "ThanksTests" */;
			buildPhases = (
				EA3F2BA51C86298700AC0101 /* Sources */,
				EA3F2BA61C86298700AC0101 /* Frameworks */,
				EA3F2BA71C86298700AC0101 /* Resources */,
			);
			buildRules = (
			);
			dependencies = (
				EA3F2BAB1C86298700AC0101 /* PBXTargetDependency */,
			);
			name = ThanksTests;
			productName = ThanksTests;
			productReference = EA3F2BA91C86298700AC0101 /* ThanksTests.xctest */;
			productType = "com.apple.product-type.bundle.unit-test";
		};
		EA3F2BB31C86298700AC0101 /* ThanksUITests */ = {
			isa = PBXNativeTarget;
			buildConfigurationList = EA3F2BC31C86298700AC0101 /* Build configuration list for PBXNativeTarget "ThanksUITests" */;
			buildPhases = (
				EA3F2BB01C86298700AC0101 /* Sources */,
				EA3F2BB11C86298700AC0101 /* Frameworks */,
				EA3F2BB21C86298700AC0101 /* Resources */,
			);
			buildRules = (
			);
			dependencies = (
				EA3F2BB61C86298700AC0101 /* PBXTargetDependency */,
			);
			name = ThanksUITests;
			productName = ThanksUITests;
			productReference = EA3F2BB41C86298700AC0101 /* ThanksUITests.xctest */;
			productType = "com.apple.product-type.bundle.ui-testing";
		};
/* End PBXNativeTarget section */

/* Begin PBXProject section */
		EA3F2B8D1C86298700AC0101 /* Project object */ = {
			isa = PBXProject;
			attributes = {
				LastSwiftUpdateCheck = 0720;
				LastUpgradeCheck = 0720;
				ORGANIZATIONNAME = "Friendly Apps";
				TargetAttributes = {
					EA3F2B941C86298700AC0101 = {
						CreatedOnToolsVersion = 7.2.1;
						DevelopmentTeam = U84M4VJLY3;
					};
					EA3F2BA81C86298700AC0101 = {
						CreatedOnToolsVersion = 7.2.1;
						DevelopmentTeam = 568JQG4TRT;
						TestTargetID = EA3F2B941C86298700AC0101;
					};
					EA3F2BB31C86298700AC0101 = {
						CreatedOnToolsVersion = 7.2.1;
						DevelopmentTeam = 568JQG4TRT;
						TestTargetID = EA3F2B941C86298700AC0101;
					};
				};
			};
			buildConfigurationList = EA3F2B901C86298700AC0101 /* Build configuration list for PBXProject "Thanks" */;
			compatibilityVersion = "Xcode 3.2";
			developmentRegion = English;
			hasScannedForEncodings = 0;
			knownRegions = (
				en,
				Base,
			);
			mainGroup = EA3F2B8C1C86298700AC0101;
			productRefGroup = EA3F2B961C86298700AC0101 /* Products */;
			projectDirPath = "";
			projectRoot = "";
			targets = (
				EA3F2B941C86298700AC0101 /* Thanks */,
				EA3F2BA81C86298700AC0101 /* ThanksTests */,
				EA3F2BB31C86298700AC0101 /* ThanksUITests */,
			);
		};
/* End PBXProject section */

/* Begin PBXResourcesBuildPhase section */
		EA3F2B931C86298700AC0101 /* Resources */ = {
			isa = PBXResourcesBuildPhase;
			buildActionMask = 2147483647;
			files = (
				EAF8BE521C9A71BE00A66071 /* sinanova_regular.34912673.cache.otf in Resources */,
				EA3F2BA31C86298700AC0101 /* LaunchScreen.storyboard in Resources */,
				EAF8BE4D1C9A719D00A66071 /* foro_bold.1d3a4711.cache.otf in Resources */,
				EAF8BE511C9A71BE00A66071 /* sinanova_italic.9508db81.cache.otf in Resources */,
				EA3F2BA01C86298700AC0101 /* Assets.xcassets in Resources */,
				EAF8BE4C1C9A719D00A66071 /* equip_regular.4da3acb5.cache.otf in Resources */,
				EAF8BE4B1C9A719D00A66071 /* equip_bold.5feb14f9.cache.otf in Resources */,
				EAF8BE4E1C9A719D00A66071 /* foro_regular.3941226b.cache.otf in Resources */,
				EA3F2B9E1C86298700AC0101 /* Main.storyboard in Resources */,
			);
			runOnlyForDeploymentPostprocessing = 0;
		};
		EA3F2BA71C86298700AC0101 /* Resources */ = {
			isa = PBXResourcesBuildPhase;
			buildActionMask = 2147483647;
			files = (
			);
			runOnlyForDeploymentPostprocessing = 0;
		};
		EA3F2BB21C86298700AC0101 /* Resources */ = {
			isa = PBXResourcesBuildPhase;
			buildActionMask = 2147483647;
			files = (
			);
			runOnlyForDeploymentPostprocessing = 0;
		};
/* End PBXResourcesBuildPhase section */

/* Begin PBXShellScriptBuildPhase section */
		5D031A5D27449CE510A80E53 /* Embed Pods Frameworks */ = {
			isa = PBXShellScriptBuildPhase;
			buildActionMask = 2147483647;
			files = (
			);
			inputPaths = (
			);
			name = "Embed Pods Frameworks";
			outputPaths = (
			);
			runOnlyForDeploymentPostprocessing = 0;
			shellPath = /bin/sh;
			shellScript = "\"${SRCROOT}/Pods/Target Support Files/Pods-Thanks/Pods-Thanks-frameworks.sh\"\n";
			showEnvVarsInLog = 0;
		};
		5E4ABE5D1265D7171D85FEFA /* Copy Pods Resources */ = {
			isa = PBXShellScriptBuildPhase;
			buildActionMask = 2147483647;
			files = (
			);
			inputPaths = (
			);
			name = "Copy Pods Resources";
			outputPaths = (
			);
			runOnlyForDeploymentPostprocessing = 0;
			shellPath = /bin/sh;
			shellScript = "\"${SRCROOT}/Pods/Target Support Files/Pods-Thanks/Pods-Thanks-resources.sh\"\n";
			showEnvVarsInLog = 0;
		};
		D56FC2727C087D8D01C6F037 /* Check Pods Manifest.lock */ = {
			isa = PBXShellScriptBuildPhase;
			buildActionMask = 2147483647;
			files = (
			);
			inputPaths = (
			);
			name = "Check Pods Manifest.lock";
			outputPaths = (
			);
			runOnlyForDeploymentPostprocessing = 0;
			shellPath = /bin/sh;
			shellScript = "diff \"${PODS_ROOT}/../Podfile.lock\" \"${PODS_ROOT}/Manifest.lock\" > /dev/null\nif [[ $? != 0 ]] ; then\n    cat << EOM\nerror: The sandbox is not in sync with the Podfile.lock. Run 'pod install' or update your CocoaPods installation.\nEOM\n    exit 1\nfi\n";
			showEnvVarsInLog = 0;
		};
/* End PBXShellScriptBuildPhase section */

/* Begin PBXSourcesBuildPhase section */
		EA3F2B911C86298700AC0101 /* Sources */ = {
			isa = PBXSourcesBuildPhase;
			buildActionMask = 2147483647;
			files = (
				EA8BBC381C9B0DB500FA2A1E /* EmojiList.swift in Sources */,
				EADEBF7B1C88F6C10065DA0F /* CardCellView.swift in Sources */,
				EA58D6D81C99C1DD00593381 /* BaseTransition.swift in Sources */,
				EABC9C841C9B5367000ACA7E /* PassThroughView.swift in Sources */,
				EA58D6DA1C99C1F200593381 /* ImageTransition.swift in Sources */,
				EA8BBC401C9B2A5F00FA2A1E /* Common.swift in Sources */,
				EA58D6DC1C99C24200593381 /* DetailViewController.swift in Sources */,
				3D73D4631C9B09840074DB39 /* CustomCollectionViewFlowLayout.m in Sources */,
				EA8BBC3A1C9B0EAE00FA2A1E /* AddEmojiViewController.swift in Sources */,
				93CFEFF91C8B984800CD37DC /* Card.swift in Sources */,
				EA3F2BC71C86587000AC0101 /* CreateCardViewController.swift in Sources */,
				EABC9C881C9B642D000ACA7E /* ColorCell.swift in Sources */,
				EAB6F0F61C9C63D200605C86 /* SaveTransition.swift in Sources */,
				EA3F2BCF1C8658BB00AC0101 /* RemindersViewController.swift in Sources */,
				EA8BBC3E1C9B12B000FA2A1E /* FadeTransition.swift in Sources */,
				EA3F2BCD1C8658A500AC0101 /* OnboardingViewController.swift in Sources */,
				EA3F2B991C86298700AC0101 /* AppDelegate.swift in Sources */,
				EA3F2BC91C86588200AC0101 /* HomeViewController.swift in Sources */,
				EA58D6DE1C99E19300593381 /* Share.swift in Sources */,
				EABC9C861C9B5C92000ACA7E /* ChangeColorViewController.swift in Sources */,
				EA1D00FA1C9AFC01007A5814 /* ThanksButton.swift in Sources */,
				EA8BBC3C1C9B0F5600FA2A1E /* EmojiCell.swift in Sources */,
				93CFEFFB1C8B9A3A00CD37DC /* ParseService.swift in Sources */,
			);
			runOnlyForDeploymentPostprocessing = 0;
		};
		EA3F2BA51C86298700AC0101 /* Sources */ = {
			isa = PBXSourcesBuildPhase;
			buildActionMask = 2147483647;
			files = (
				EA3F2BAE1C86298700AC0101 /* ThanksTests.swift in Sources */,
			);
			runOnlyForDeploymentPostprocessing = 0;
		};
		EA3F2BB01C86298700AC0101 /* Sources */ = {
			isa = PBXSourcesBuildPhase;
			buildActionMask = 2147483647;
			files = (
				EA3F2BB91C86298700AC0101 /* ThanksUITests.swift in Sources */,
			);
			runOnlyForDeploymentPostprocessing = 0;
		};
/* End PBXSourcesBuildPhase section */

/* Begin PBXTargetDependency section */
		EA3F2BAB1C86298700AC0101 /* PBXTargetDependency */ = {
			isa = PBXTargetDependency;
			target = EA3F2B941C86298700AC0101 /* Thanks */;
			targetProxy = EA3F2BAA1C86298700AC0101 /* PBXContainerItemProxy */;
		};
		EA3F2BB61C86298700AC0101 /* PBXTargetDependency */ = {
			isa = PBXTargetDependency;
			target = EA3F2B941C86298700AC0101 /* Thanks */;
			targetProxy = EA3F2BB51C86298700AC0101 /* PBXContainerItemProxy */;
		};
/* End PBXTargetDependency section */

/* Begin PBXVariantGroup section */
		EA3F2B9C1C86298700AC0101 /* Main.storyboard */ = {
			isa = PBXVariantGroup;
			children = (
				EA3F2B9D1C86298700AC0101 /* Base */,
			);
			name = Main.storyboard;
			sourceTree = "<group>";
		};
		EA3F2BA11C86298700AC0101 /* LaunchScreen.storyboard */ = {
			isa = PBXVariantGroup;
			children = (
				EA3F2BA21C86298700AC0101 /* Base */,
			);
			name = LaunchScreen.storyboard;
			sourceTree = "<group>";
		};
/* End PBXVariantGroup section */

/* Begin XCBuildConfiguration section */
		EA3F2BBB1C86298700AC0101 /* Debug */ = {
			isa = XCBuildConfiguration;
			buildSettings = {
				ALWAYS_SEARCH_USER_PATHS = NO;
				CLANG_CXX_LANGUAGE_STANDARD = "gnu++0x";
				CLANG_CXX_LIBRARY = "libc++";
				CLANG_ENABLE_MODULES = YES;
				CLANG_ENABLE_OBJC_ARC = YES;
				CLANG_WARN_BOOL_CONVERSION = YES;
				CLANG_WARN_CONSTANT_CONVERSION = YES;
				CLANG_WARN_DIRECT_OBJC_ISA_USAGE = YES_ERROR;
				CLANG_WARN_EMPTY_BODY = YES;
				CLANG_WARN_ENUM_CONVERSION = YES;
				CLANG_WARN_INT_CONVERSION = YES;
				CLANG_WARN_OBJC_ROOT_CLASS = YES_ERROR;
				CLANG_WARN_UNREACHABLE_CODE = YES;
				CLANG_WARN__DUPLICATE_METHOD_MATCH = YES;
				"CODE_SIGN_IDENTITY[sdk=iphoneos*]" = "iPhone Developer";
				COPY_PHASE_STRIP = NO;
				DEBUG_INFORMATION_FORMAT = dwarf;
				ENABLE_STRICT_OBJC_MSGSEND = YES;
				ENABLE_TESTABILITY = YES;
				GCC_C_LANGUAGE_STANDARD = gnu99;
				GCC_DYNAMIC_NO_PIC = NO;
				GCC_NO_COMMON_BLOCKS = YES;
				GCC_OPTIMIZATION_LEVEL = 0;
				GCC_PREPROCESSOR_DEFINITIONS = (
					"DEBUG=1",
					"$(inherited)",
				);
				GCC_WARN_64_TO_32_BIT_CONVERSION = YES;
				GCC_WARN_ABOUT_RETURN_TYPE = YES_ERROR;
				GCC_WARN_UNDECLARED_SELECTOR = YES;
				GCC_WARN_UNINITIALIZED_AUTOS = YES_AGGRESSIVE;
				GCC_WARN_UNUSED_FUNCTION = YES;
				GCC_WARN_UNUSED_VARIABLE = YES;
				IPHONEOS_DEPLOYMENT_TARGET = 9.2;
				MTL_ENABLE_DEBUG_INFO = YES;
				ONLY_ACTIVE_ARCH = YES;
				SDKROOT = iphoneos;
				SWIFT_OPTIMIZATION_LEVEL = "-Onone";
				TARGETED_DEVICE_FAMILY = "1,2";
			};
			name = Debug;
		};
		EA3F2BBC1C86298700AC0101 /* Release */ = {
			isa = XCBuildConfiguration;
			buildSettings = {
				ALWAYS_SEARCH_USER_PATHS = NO;
				CLANG_CXX_LANGUAGE_STANDARD = "gnu++0x";
				CLANG_CXX_LIBRARY = "libc++";
				CLANG_ENABLE_MODULES = YES;
				CLANG_ENABLE_OBJC_ARC = YES;
				CLANG_WARN_BOOL_CONVERSION = YES;
				CLANG_WARN_CONSTANT_CONVERSION = YES;
				CLANG_WARN_DIRECT_OBJC_ISA_USAGE = YES_ERROR;
				CLANG_WARN_EMPTY_BODY = YES;
				CLANG_WARN_ENUM_CONVERSION = YES;
				CLANG_WARN_INT_CONVERSION = YES;
				CLANG_WARN_OBJC_ROOT_CLASS = YES_ERROR;
				CLANG_WARN_UNREACHABLE_CODE = YES;
				CLANG_WARN__DUPLICATE_METHOD_MATCH = YES;
				"CODE_SIGN_IDENTITY[sdk=iphoneos*]" = "iPhone Developer";
				COPY_PHASE_STRIP = NO;
				DEBUG_INFORMATION_FORMAT = "dwarf-with-dsym";
				ENABLE_NS_ASSERTIONS = NO;
				ENABLE_STRICT_OBJC_MSGSEND = YES;
				GCC_C_LANGUAGE_STANDARD = gnu99;
				GCC_NO_COMMON_BLOCKS = YES;
				GCC_WARN_64_TO_32_BIT_CONVERSION = YES;
				GCC_WARN_ABOUT_RETURN_TYPE = YES_ERROR;
				GCC_WARN_UNDECLARED_SELECTOR = YES;
				GCC_WARN_UNINITIALIZED_AUTOS = YES_AGGRESSIVE;
				GCC_WARN_UNUSED_FUNCTION = YES;
				GCC_WARN_UNUSED_VARIABLE = YES;
				IPHONEOS_DEPLOYMENT_TARGET = 9.2;
				MTL_ENABLE_DEBUG_INFO = NO;
				SDKROOT = iphoneos;
				TARGETED_DEVICE_FAMILY = "1,2";
				VALIDATE_PRODUCT = YES;
			};
			name = Release;
		};
		EA3F2BBE1C86298700AC0101 /* Debug */ = {
			isa = XCBuildConfiguration;
			baseConfigurationReference = D1050E4BEBBBFBA7BB01E04F /* Pods-Thanks.debug.xcconfig */;
			buildSettings = {
				ASSETCATALOG_COMPILER_APPICON_NAME = AppIcon;
				CLANG_ENABLE_MODULES = YES;
				CODE_SIGN_IDENTITY = "iPhone Developer";
				"CODE_SIGN_IDENTITY[sdk=iphoneos*]" = "iPhone Developer";
				INFOPLIST_FILE = Thanks/Info.plist;
				LD_RUNPATH_SEARCH_PATHS = "$(inherited) @executable_path/Frameworks";
				PRODUCT_BUNDLE_IDENTIFIER = com.friendly.thanks;
				PRODUCT_NAME = "$(TARGET_NAME)";
				PROVISIONING_PROFILE = "";
				SWIFT_OBJC_BRIDGING_HEADER = "Thanks-Bridging-Header.h";
				SWIFT_OPTIMIZATION_LEVEL = "-Onone";
			};
			name = Debug;
		};
		EA3F2BBF1C86298700AC0101 /* Release */ = {
			isa = XCBuildConfiguration;
			baseConfigurationReference = B0E13387BC4327216A6BBDE9 /* Pods-Thanks.release.xcconfig */;
			buildSettings = {
				ASSETCATALOG_COMPILER_APPICON_NAME = AppIcon;
				CLANG_ENABLE_MODULES = YES;
				CODE_SIGN_IDENTITY = "iPhone Developer";
				"CODE_SIGN_IDENTITY[sdk=iphoneos*]" = "iPhone Developer";
				INFOPLIST_FILE = Thanks/Info.plist;
				LD_RUNPATH_SEARCH_PATHS = "$(inherited) @executable_path/Frameworks";
				PRODUCT_BUNDLE_IDENTIFIER = com.friendly.thanks;
				PRODUCT_NAME = "$(TARGET_NAME)";
				PROVISIONING_PROFILE = "";
				SWIFT_OBJC_BRIDGING_HEADER = "Thanks-Bridging-Header.h";
			};
			name = Release;
		};
		EA3F2BC11C86298700AC0101 /* Debug */ = {
			isa = XCBuildConfiguration;
			buildSettings = {
				BUNDLE_LOADER = "$(TEST_HOST)";
				INFOPLIST_FILE = ThanksTests/Info.plist;
				LD_RUNPATH_SEARCH_PATHS = "$(inherited) @executable_path/Frameworks @loader_path/Frameworks";
				PRODUCT_BUNDLE_IDENTIFIER = com.friendly.ThanksTests;
				PRODUCT_NAME = "$(TARGET_NAME)";
				TEST_HOST = "$(BUILT_PRODUCTS_DIR)/Thanks.app/Thanks";
			};
			name = Debug;
		};
		EA3F2BC21C86298700AC0101 /* Release */ = {
			isa = XCBuildConfiguration;
			buildSettings = {
				BUNDLE_LOADER = "$(TEST_HOST)";
				INFOPLIST_FILE = ThanksTests/Info.plist;
				LD_RUNPATH_SEARCH_PATHS = "$(inherited) @executable_path/Frameworks @loader_path/Frameworks";
				PRODUCT_BUNDLE_IDENTIFIER = com.friendly.ThanksTests;
				PRODUCT_NAME = "$(TARGET_NAME)";
				TEST_HOST = "$(BUILT_PRODUCTS_DIR)/Thanks.app/Thanks";
			};
			name = Release;
		};
		EA3F2BC41C86298700AC0101 /* Debug */ = {
			isa = XCBuildConfiguration;
			buildSettings = {
				INFOPLIST_FILE = ThanksUITests/Info.plist;
				LD_RUNPATH_SEARCH_PATHS = "$(inherited) @executable_path/Frameworks @loader_path/Frameworks";
				PRODUCT_BUNDLE_IDENTIFIER = com.friendly.ThanksUITests;
				PRODUCT_NAME = "$(TARGET_NAME)";
				TEST_TARGET_NAME = Thanks;
				USES_XCTRUNNER = YES;
			};
			name = Debug;
		};
		EA3F2BC51C86298700AC0101 /* Release */ = {
			isa = XCBuildConfiguration;
			buildSettings = {
				INFOPLIST_FILE = ThanksUITests/Info.plist;
				LD_RUNPATH_SEARCH_PATHS = "$(inherited) @executable_path/Frameworks @loader_path/Frameworks";
				PRODUCT_BUNDLE_IDENTIFIER = com.friendly.ThanksUITests;
				PRODUCT_NAME = "$(TARGET_NAME)";
				TEST_TARGET_NAME = Thanks;
				USES_XCTRUNNER = YES;
			};
			name = Release;
		};
/* End XCBuildConfiguration section */

/* Begin XCConfigurationList section */
		EA3F2B901C86298700AC0101 /* Build configuration list for PBXProject "Thanks" */ = {
			isa = XCConfigurationList;
			buildConfigurations = (
				EA3F2BBB1C86298700AC0101 /* Debug */,
				EA3F2BBC1C86298700AC0101 /* Release */,
			);
			defaultConfigurationIsVisible = 0;
			defaultConfigurationName = Release;
		};
		EA3F2BBD1C86298700AC0101 /* Build configuration list for PBXNativeTarget "Thanks" */ = {
			isa = XCConfigurationList;
			buildConfigurations = (
				EA3F2BBE1C86298700AC0101 /* Debug */,
				EA3F2BBF1C86298700AC0101 /* Release */,
			);
			defaultConfigurationIsVisible = 0;
			defaultConfigurationName = Release;
		};
		EA3F2BC01C86298700AC0101 /* Build configuration list for PBXNativeTarget "ThanksTests" */ = {
			isa = XCConfigurationList;
			buildConfigurations = (
				EA3F2BC11C86298700AC0101 /* Debug */,
				EA3F2BC21C86298700AC0101 /* Release */,
			);
			defaultConfigurationIsVisible = 0;
			defaultConfigurationName = Release;
		};
		EA3F2BC31C86298700AC0101 /* Build configuration list for PBXNativeTarget "ThanksUITests" */ = {
			isa = XCConfigurationList;
			buildConfigurations = (
				EA3F2BC41C86298700AC0101 /* Debug */,
				EA3F2BC51C86298700AC0101 /* Release */,
			);
			defaultConfigurationIsVisible = 0;
			defaultConfigurationName = Release;
		};
/* End XCConfigurationList section */
	};
	rootObject = EA3F2B8D1C86298700AC0101 /* Project object */;
}
